
Microsoft Visual Studio Solution File, Format Version 12.00
# Visual Studio Version 16
VisualStudioVersion = 16.0.31005.135
MinimumVisualStudioVersion = 10.0.40219.1
Project("{FAE04EC0-301F-11D3-BF4B-00C04F79EFBC}") = "Shapes", "Shapes\Shapes.csproj", "{C7F00375-4C56-4C32-B211-0861AE4505D8}"
EndProject
Global
	GlobalSection(SolutionConfigurationPlatforms) = preSolution
		Debug|Any CPU = Debug|Any CPU
		Release|Any CPU = Release|Any CPU
	EndGlobalSection
	GlobalSection(ProjectConfigurationPlatforms) = postSolution
		{C7F00375-4C56-4C32-B211-0861AE4505D8}.Debug|Any CPU.ActiveCfg = Debug|Any CPU
		{C7F00375-4C56-4C32-B211-0861AE4505D8}.Debug|Any CPU.Build.0 = Debug|Any CPU
		{C7F00375-4C56-4C32-B211-0861AE4505D8}.Release|Any CPU.ActiveCfg = Release|Any CPU
		{C7F00375-4C56-4C32-B211-0861AE4505D8}.Release|Any CPU.Build.0 = Release|Any CPU
	EndGlobalSection
	GlobalSection(SolutionProperties) = preSolution
		HideSolutionNode = FALSE
	EndGlobalSection
	GlobalSection(ExtensibilityGlobals) = postSolution
		SolutionGuid = {E1F7ED61-57BC-494C-80EC-EF0A81FCAA0A}
	EndGlobalSection
EndGlobal
